
Microsoft Visual Studio Solution File, Format Version 12.00
# Visual Studio Version 16
VisualStudioVersion = 16.0.30907.101
MinimumVisualStudioVersion = 10.0.40219.1
Project("{FAE04EC0-301F-11D3-BF4B-00C04F79EFBC}") = "SmartNormalizeCSV", "SmartNormalizeCSV\SmartNormalizeCSV.csproj", "{A681FDC7-48C0-4B91-959D-BEE94715630D}"
EndProject
Global
	GlobalSection(SolutionConfigurationPlatforms) = preSolution
		Debug|Any CPU = Debug|Any CPU
		Release|Any CPU = Release|Any CPU
	EndGlobalSection
	GlobalSection(ProjectConfigurationPlatforms) = postSolution
		{A681FDC7-48C0-4B91-959D-BEE94715630D}.Debug|Any CPU.ActiveCfg = Debug|Any CPU
		{A681FDC7-48C0-4B91-959D-BEE94715630D}.Debug|Any CPU.Build.0 = Debug|Any CPU
		{A681FDC7-48C0-4B91-959D-BEE94715630D}.Release|Any CPU.ActiveCfg = Release|Any CPU
		{A681FDC7-48C0-4B91-959D-BEE94715630D}.Release|Any CPU.Build.0 = Release|Any CPU
	EndGlobalSection
	GlobalSection(SolutionProperties) = preSolution
		HideSolutionNode = FALSE
	EndGlobalSection
	GlobalSection(ExtensibilityGlobals) = postSolution
		SolutionGuid = {EE192C04-5BAC-4F58-B95C-301E8647D87C}
	EndGlobalSection
EndGlobal
